// old from de1
//set_location_assignment PIN_F14 -to UART_RXD
//set_location_assignment PIN_G12 -to UART_TXD
//set_instance_assignment -name IO_STANDARD "3.3-V LVTTL" -to UART_RXD
//set_instance_assignment -name IO_STANDARD "3.3-V LVTTL" -to UART_TXD


// generated by IP Catalog
//set_global_assignment -name QIP_FILE ram.qip
